
Microsoft Visual Studio Solution File, Format Version 12.00
# Visual Studio 2013
VisualStudioVersion = 12.0.30723.0
MinimumVisualStudioVersion = 10.0.40219.1
Project("{FAE04EC0-301F-11D3-BF4B-00C04F79EFBC}") = "01.StringBuilder Extensions", "01.StringBuilder Extensions\01.StringBuilder Extensions.csproj", "{F19C0DE8-5D98-4364-ADC4-E05E86B0D3C4}"
EndProject
Project("{FAE04EC0-301F-11D3-BF4B-00C04F79EFBC}") = "02.CustomLINQExtensionMethods", "02.CustomLINQExtensionMethods\02.CustomLINQExtensionMethods.csproj", "{2039AF6F-CB5D-478D-B540-6F9267CC0FA2}"
EndProject
Project("{FAE04EC0-301F-11D3-BF4B-00C04F79EFBC}") = "03.Student", "03.Student\03.Student.csproj", "{A448317F-60D2-4391-B663-1AA3B7D74738}"
EndProject
Global
	GlobalSection(SolutionConfigurationPlatforms) = preSolution
		Debug|Any CPU = Debug|Any CPU
		Release|Any CPU = Release|Any CPU
	EndGlobalSection
	GlobalSection(ProjectConfigurationPlatforms) = postSolution
		{F19C0DE8-5D98-4364-ADC4-E05E86B0D3C4}.Debug|Any CPU.ActiveCfg = Debug|Any CPU
		{F19C0DE8-5D98-4364-ADC4-E05E86B0D3C4}.Debug|Any CPU.Build.0 = Debug|Any CPU
		{F19C0DE8-5D98-4364-ADC4-E05E86B0D3C4}.Release|Any CPU.ActiveCfg = Release|Any CPU
		{F19C0DE8-5D98-4364-ADC4-E05E86B0D3C4}.Release|Any CPU.Build.0 = Release|Any CPU
		{2039AF6F-CB5D-478D-B540-6F9267CC0FA2}.Debug|Any CPU.ActiveCfg = Debug|Any CPU
		{2039AF6F-CB5D-478D-B540-6F9267CC0FA2}.Debug|Any CPU.Build.0 = Debug|Any CPU
		{2039AF6F-CB5D-478D-B540-6F9267CC0FA2}.Release|Any CPU.ActiveCfg = Release|Any CPU
		{2039AF6F-CB5D-478D-B540-6F9267CC0FA2}.Release|Any CPU.Build.0 = Release|Any CPU
		{A448317F-60D2-4391-B663-1AA3B7D74738}.Debug|Any CPU.ActiveCfg = Debug|Any CPU
		{A448317F-60D2-4391-B663-1AA3B7D74738}.Debug|Any CPU.Build.0 = Debug|Any CPU
		{A448317F-60D2-4391-B663-1AA3B7D74738}.Release|Any CPU.ActiveCfg = Release|Any CPU
		{A448317F-60D2-4391-B663-1AA3B7D74738}.Release|Any CPU.Build.0 = Release|Any CPU
	EndGlobalSection
	GlobalSection(SolutionProperties) = preSolution
		HideSolutionNode = FALSE
	EndGlobalSection
EndGlobal
