
Microsoft Visual Studio Solution File, Format Version 12.00
# Visual Studio 2013
VisualStudioVersion = 12.0.30723.0
MinimumVisualStudioVersion = 10.0.40219.1
Project("{FAE04EC0-301F-11D3-BF4B-00C04F79EFBC}") = "TravelAgency", "TravelAgency\TravelAgency.csproj", "{36B1DE70-2F77-42BB-86FF-8946624849A2}"
EndProject
Project("{FAE04EC0-301F-11D3-BF4B-00C04F79EFBC}") = "TravelAgencyUnitTests", "UnitTestProject1\TravelAgencyUnitTests.csproj", "{866C7FA0-C5F8-42E5-998B-74ADAC83D95C}"
EndProject
Global
	GlobalSection(SolutionConfigurationPlatforms) = preSolution
		Debug|Any CPU = Debug|Any CPU
		Release|Any CPU = Release|Any CPU
	EndGlobalSection
	GlobalSection(ProjectConfigurationPlatforms) = postSolution
		{36B1DE70-2F77-42BB-86FF-8946624849A2}.Debug|Any CPU.ActiveCfg = Debug|Any CPU
		{36B1DE70-2F77-42BB-86FF-8946624849A2}.Debug|Any CPU.Build.0 = Debug|Any CPU
		{36B1DE70-2F77-42BB-86FF-8946624849A2}.Release|Any CPU.ActiveCfg = Release|Any CPU
		{36B1DE70-2F77-42BB-86FF-8946624849A2}.Release|Any CPU.Build.0 = Release|Any CPU
		{866C7FA0-C5F8-42E5-998B-74ADAC83D95C}.Debug|Any CPU.ActiveCfg = Debug|Any CPU
		{866C7FA0-C5F8-42E5-998B-74ADAC83D95C}.Debug|Any CPU.Build.0 = Debug|Any CPU
		{866C7FA0-C5F8-42E5-998B-74ADAC83D95C}.Release|Any CPU.ActiveCfg = Release|Any CPU
		{866C7FA0-C5F8-42E5-998B-74ADAC83D95C}.Release|Any CPU.Build.0 = Release|Any CPU
	EndGlobalSection
	GlobalSection(SolutionProperties) = preSolution
		HideSolutionNode = FALSE
	EndGlobalSection
EndGlobal
