
Microsoft Visual Studio Solution File, Format Version 12.00
# Visual Studio 2013
VisualStudioVersion = 12.0.40629.0
MinimumVisualStudioVersion = 10.0.40219.1
Project("{FAE04EC0-301F-11D3-BF4B-00C04F79EFBC}") = "01.FindRoot", "01.FindRoot\01.FindRoot.csproj", "{F03B6786-5A6F-47E6-98CC-CD0D9BEE394E}"
EndProject
Project("{FAE04EC0-301F-11D3-BF4B-00C04F79EFBC}") = "02.JustDance", "02.JustDance\02.JustDance.csproj", "{82EA70EB-76F1-44B4-B2CF-CCDADFBBD99A}"
EndProject
Project("{FAE04EC0-301F-11D3-BF4B-00C04F79EFBC}") = "03.TheWhiteHorse", "03.TheWhiteHorse\03.TheWhiteHorse.csproj", "{A5E0B336-D978-4ECD-9281-05273E5BC606}"
EndProject
Project("{FAE04EC0-301F-11D3-BF4B-00C04F79EFBC}") = "04.TheLongestPath", "TheLongestPath\04.TheLongestPath.csproj", "{11E9ED8D-ED06-43B7-B223-87D7486AED57}"
EndProject
Global
	GlobalSection(SolutionConfigurationPlatforms) = preSolution
		Debug|Any CPU = Debug|Any CPU
		Release|Any CPU = Release|Any CPU
	EndGlobalSection
	GlobalSection(ProjectConfigurationPlatforms) = postSolution
		{F03B6786-5A6F-47E6-98CC-CD0D9BEE394E}.Debug|Any CPU.ActiveCfg = Debug|Any CPU
		{F03B6786-5A6F-47E6-98CC-CD0D9BEE394E}.Debug|Any CPU.Build.0 = Debug|Any CPU
		{F03B6786-5A6F-47E6-98CC-CD0D9BEE394E}.Release|Any CPU.ActiveCfg = Release|Any CPU
		{F03B6786-5A6F-47E6-98CC-CD0D9BEE394E}.Release|Any CPU.Build.0 = Release|Any CPU
		{82EA70EB-76F1-44B4-B2CF-CCDADFBBD99A}.Debug|Any CPU.ActiveCfg = Debug|Any CPU
		{82EA70EB-76F1-44B4-B2CF-CCDADFBBD99A}.Debug|Any CPU.Build.0 = Debug|Any CPU
		{82EA70EB-76F1-44B4-B2CF-CCDADFBBD99A}.Release|Any CPU.ActiveCfg = Release|Any CPU
		{82EA70EB-76F1-44B4-B2CF-CCDADFBBD99A}.Release|Any CPU.Build.0 = Release|Any CPU
		{A5E0B336-D978-4ECD-9281-05273E5BC606}.Debug|Any CPU.ActiveCfg = Debug|Any CPU
		{A5E0B336-D978-4ECD-9281-05273E5BC606}.Debug|Any CPU.Build.0 = Debug|Any CPU
		{A5E0B336-D978-4ECD-9281-05273E5BC606}.Release|Any CPU.ActiveCfg = Release|Any CPU
		{A5E0B336-D978-4ECD-9281-05273E5BC606}.Release|Any CPU.Build.0 = Release|Any CPU
		{11E9ED8D-ED06-43B7-B223-87D7486AED57}.Debug|Any CPU.ActiveCfg = Debug|Any CPU
		{11E9ED8D-ED06-43B7-B223-87D7486AED57}.Debug|Any CPU.Build.0 = Debug|Any CPU
		{11E9ED8D-ED06-43B7-B223-87D7486AED57}.Release|Any CPU.ActiveCfg = Release|Any CPU
		{11E9ED8D-ED06-43B7-B223-87D7486AED57}.Release|Any CPU.Build.0 = Release|Any CPU
	EndGlobalSection
	GlobalSection(SolutionProperties) = preSolution
		HideSolutionNode = FALSE
	EndGlobalSection
EndGlobal
