
Microsoft Visual Studio Solution File, Format Version 12.00
# Visual Studio 2013
VisualStudioVersion = 12.0.30723.0
MinimumVisualStudioVersion = 10.0.40219.1
Project("{FAE04EC0-301F-11D3-BF4B-00C04F79EFBC}") = "01.GalacticGPS", "01.GalacticGPS\01.GalacticGPS.csproj", "{E8BC95E7-E0BB-4024-8299-49A078350A86}"
EndProject
Project("{FAE04EC0-301F-11D3-BF4B-00C04F79EFBC}") = "02.FractionCalculator", "02.FractionCalculator\02.FractionCalculator.csproj", "{8B720C1D-CE20-4B95-B891-AAA77833817F}"
EndProject
Project("{FAE04EC0-301F-11D3-BF4B-00C04F79EFBC}") = "03.GenericList", "03.GenericList\03.GenericList.csproj", "{7E456F0B-BB8E-4DBB-8F86-4F36729C4CEF}"
EndProject
Global
	GlobalSection(SolutionConfigurationPlatforms) = preSolution
		Debug|Any CPU = Debug|Any CPU
		Release|Any CPU = Release|Any CPU
	EndGlobalSection
	GlobalSection(ProjectConfigurationPlatforms) = postSolution
		{E8BC95E7-E0BB-4024-8299-49A078350A86}.Debug|Any CPU.ActiveCfg = Debug|Any CPU
		{E8BC95E7-E0BB-4024-8299-49A078350A86}.Debug|Any CPU.Build.0 = Debug|Any CPU
		{E8BC95E7-E0BB-4024-8299-49A078350A86}.Release|Any CPU.ActiveCfg = Release|Any CPU
		{E8BC95E7-E0BB-4024-8299-49A078350A86}.Release|Any CPU.Build.0 = Release|Any CPU
		{8B720C1D-CE20-4B95-B891-AAA77833817F}.Debug|Any CPU.ActiveCfg = Debug|Any CPU
		{8B720C1D-CE20-4B95-B891-AAA77833817F}.Debug|Any CPU.Build.0 = Debug|Any CPU
		{8B720C1D-CE20-4B95-B891-AAA77833817F}.Release|Any CPU.ActiveCfg = Release|Any CPU
		{8B720C1D-CE20-4B95-B891-AAA77833817F}.Release|Any CPU.Build.0 = Release|Any CPU
		{7E456F0B-BB8E-4DBB-8F86-4F36729C4CEF}.Debug|Any CPU.ActiveCfg = Debug|Any CPU
		{7E456F0B-BB8E-4DBB-8F86-4F36729C4CEF}.Debug|Any CPU.Build.0 = Debug|Any CPU
		{7E456F0B-BB8E-4DBB-8F86-4F36729C4CEF}.Release|Any CPU.ActiveCfg = Release|Any CPU
		{7E456F0B-BB8E-4DBB-8F86-4F36729C4CEF}.Release|Any CPU.Build.0 = Release|Any CPU
	EndGlobalSection
	GlobalSection(SolutionProperties) = preSolution
		HideSolutionNode = FALSE
	EndGlobalSection
EndGlobal
