
Microsoft Visual Studio Solution File, Format Version 12.00
# Visual Studio 2012
Project("{FAE04EC0-301F-11D3-BF4B-00C04F79EFBC}") = "02.Humans", "02.Humans\02.Humans.csproj", "{F1842F1A-5016-4B1C-9896-9A1DC964E761}"
EndProject
Project("{FAE04EC0-301F-11D3-BF4B-00C04F79EFBC}") = "03.Animals", "03.Animals\03.Animals.csproj", "{08584442-D8FF-44A0-9BB9-BBA07FC64566}"
EndProject
Project("{FAE04EC0-301F-11D3-BF4B-00C04F79EFBC}") = "01.SchoolProject", "001.SchoolProject\01.SchoolProject.csproj", "{FE3846B2-2481-4E5E-9BFD-5524790F9E6D}"
EndProject
Global
	GlobalSection(SolutionConfigurationPlatforms) = preSolution
		Debug|Any CPU = Debug|Any CPU
		Release|Any CPU = Release|Any CPU
	EndGlobalSection
	GlobalSection(ProjectConfigurationPlatforms) = postSolution
		{F1842F1A-5016-4B1C-9896-9A1DC964E761}.Debug|Any CPU.ActiveCfg = Debug|Any CPU
		{F1842F1A-5016-4B1C-9896-9A1DC964E761}.Debug|Any CPU.Build.0 = Debug|Any CPU
		{F1842F1A-5016-4B1C-9896-9A1DC964E761}.Release|Any CPU.ActiveCfg = Release|Any CPU
		{F1842F1A-5016-4B1C-9896-9A1DC964E761}.Release|Any CPU.Build.0 = Release|Any CPU
		{08584442-D8FF-44A0-9BB9-BBA07FC64566}.Debug|Any CPU.ActiveCfg = Debug|Any CPU
		{08584442-D8FF-44A0-9BB9-BBA07FC64566}.Debug|Any CPU.Build.0 = Debug|Any CPU
		{08584442-D8FF-44A0-9BB9-BBA07FC64566}.Release|Any CPU.ActiveCfg = Release|Any CPU
		{08584442-D8FF-44A0-9BB9-BBA07FC64566}.Release|Any CPU.Build.0 = Release|Any CPU
		{FE3846B2-2481-4E5E-9BFD-5524790F9E6D}.Debug|Any CPU.ActiveCfg = Debug|Any CPU
		{FE3846B2-2481-4E5E-9BFD-5524790F9E6D}.Debug|Any CPU.Build.0 = Debug|Any CPU
		{FE3846B2-2481-4E5E-9BFD-5524790F9E6D}.Release|Any CPU.ActiveCfg = Release|Any CPU
		{FE3846B2-2481-4E5E-9BFD-5524790F9E6D}.Release|Any CPU.Build.0 = Release|Any CPU
	EndGlobalSection
	GlobalSection(SolutionProperties) = preSolution
		HideSolutionNode = FALSE
	EndGlobalSection
EndGlobal
