
Microsoft Visual Studio Solution File, Format Version 12.00
# Visual Studio 2013
VisualStudioVersion = 12.0.21005.1
MinimumVisualStudioVersion = 10.0.40219.1
Project("{FAE04EC0-301F-11D3-BF4B-00C04F79EFBC}") = "HashTable", "HashTable\HashTable.csproj", "{CD6DDA94-EC66-44E7-85C9-754FECCB20E2}"
EndProject
Project("{FAE04EC0-301F-11D3-BF4B-00C04F79EFBC}") = "02.CountSymbols", "02.CountSymbols\02.CountSymbols.csproj", "{D73FD787-7064-4D9D-9E58-D0858115CFD8}"
EndProject
Project("{FAE04EC0-301F-11D3-BF4B-00C04F79EFBC}") = "03.SearchMariikaPhoneBookNumber", "03.SearchMariikaPhoneBookNumber\03.SearchMariikaPhoneBookNumber.csproj", "{EC21F390-ED99-4338-83BF-E64F182594ED}"
EndProject
Global
	GlobalSection(SolutionConfigurationPlatforms) = preSolution
		Debug|Any CPU = Debug|Any CPU
		Release|Any CPU = Release|Any CPU
	EndGlobalSection
	GlobalSection(ProjectConfigurationPlatforms) = postSolution
		{CD6DDA94-EC66-44E7-85C9-754FECCB20E2}.Debug|Any CPU.ActiveCfg = Debug|Any CPU
		{CD6DDA94-EC66-44E7-85C9-754FECCB20E2}.Debug|Any CPU.Build.0 = Debug|Any CPU
		{CD6DDA94-EC66-44E7-85C9-754FECCB20E2}.Release|Any CPU.ActiveCfg = Release|Any CPU
		{CD6DDA94-EC66-44E7-85C9-754FECCB20E2}.Release|Any CPU.Build.0 = Release|Any CPU
		{D73FD787-7064-4D9D-9E58-D0858115CFD8}.Debug|Any CPU.ActiveCfg = Debug|Any CPU
		{D73FD787-7064-4D9D-9E58-D0858115CFD8}.Debug|Any CPU.Build.0 = Debug|Any CPU
		{D73FD787-7064-4D9D-9E58-D0858115CFD8}.Release|Any CPU.ActiveCfg = Release|Any CPU
		{D73FD787-7064-4D9D-9E58-D0858115CFD8}.Release|Any CPU.Build.0 = Release|Any CPU
		{EC21F390-ED99-4338-83BF-E64F182594ED}.Debug|Any CPU.ActiveCfg = Debug|Any CPU
		{EC21F390-ED99-4338-83BF-E64F182594ED}.Debug|Any CPU.Build.0 = Debug|Any CPU
		{EC21F390-ED99-4338-83BF-E64F182594ED}.Release|Any CPU.ActiveCfg = Release|Any CPU
		{EC21F390-ED99-4338-83BF-E64F182594ED}.Release|Any CPU.Build.0 = Release|Any CPU
	EndGlobalSection
	GlobalSection(SolutionProperties) = preSolution
		HideSolutionNode = FALSE
	EndGlobalSection
EndGlobal
