
Microsoft Visual Studio Solution File, Format Version 12.00
# Visual Studio 2013
VisualStudioVersion = 12.0.21005.1
MinimumVisualStudioVersion = 10.0.40219.1
Project("{FAE04EC0-301F-11D3-BF4B-00C04F79EFBC}") = "[CSS]Overview", "[CSS]Overview\[CSS]Overview.csproj", "{4D8317B4-744E-41A4-9E4C-2C1BA1BC3593}"
EndProject
Global
	GlobalSection(SolutionConfigurationPlatforms) = preSolution
		Debug|Any CPU = Debug|Any CPU
		Release|Any CPU = Release|Any CPU
	EndGlobalSection
	GlobalSection(ProjectConfigurationPlatforms) = postSolution
		{4D8317B4-744E-41A4-9E4C-2C1BA1BC3593}.Debug|Any CPU.ActiveCfg = Debug|Any CPU
		{4D8317B4-744E-41A4-9E4C-2C1BA1BC3593}.Debug|Any CPU.Build.0 = Debug|Any CPU
		{4D8317B4-744E-41A4-9E4C-2C1BA1BC3593}.Release|Any CPU.ActiveCfg = Release|Any CPU
		{4D8317B4-744E-41A4-9E4C-2C1BA1BC3593}.Release|Any CPU.Build.0 = Release|Any CPU
	EndGlobalSection
	GlobalSection(SolutionProperties) = preSolution
		HideSolutionNode = FALSE
	EndGlobalSection
EndGlobal
