
Microsoft Visual Studio Solution File, Format Version 12.00
# Visual Studio 2013
VisualStudioVersion = 12.0.30723.0
MinimumVisualStudioVersion = 10.0.40219.1
Project("{FAE04EC0-301F-11D3-BF4B-00C04F79EFBC}") = "01Shapes", "01Shapes\01Shapes.csproj", "{BF423BF3-E930-4CA5-AE76-DE9B2CD804D2}"
EndProject
Project("{FAE04EC0-301F-11D3-BF4B-00C04F79EFBC}") = "02.BankOfKurtovoKonare", "02.BankOfKurtovoKonare\02.BankOfKurtovoKonare.csproj", "{6483F639-D86A-45FC-90F1-AAD68E4B8FA3}"
EndProject
Global
	GlobalSection(SolutionConfigurationPlatforms) = preSolution
		Debug|Any CPU = Debug|Any CPU
		Release|Any CPU = Release|Any CPU
	EndGlobalSection
	GlobalSection(ProjectConfigurationPlatforms) = postSolution
		{BF423BF3-E930-4CA5-AE76-DE9B2CD804D2}.Debug|Any CPU.ActiveCfg = Debug|Any CPU
		{BF423BF3-E930-4CA5-AE76-DE9B2CD804D2}.Debug|Any CPU.Build.0 = Debug|Any CPU
		{BF423BF3-E930-4CA5-AE76-DE9B2CD804D2}.Release|Any CPU.ActiveCfg = Release|Any CPU
		{BF423BF3-E930-4CA5-AE76-DE9B2CD804D2}.Release|Any CPU.Build.0 = Release|Any CPU
		{6483F639-D86A-45FC-90F1-AAD68E4B8FA3}.Debug|Any CPU.ActiveCfg = Debug|Any CPU
		{6483F639-D86A-45FC-90F1-AAD68E4B8FA3}.Debug|Any CPU.Build.0 = Debug|Any CPU
		{6483F639-D86A-45FC-90F1-AAD68E4B8FA3}.Release|Any CPU.ActiveCfg = Release|Any CPU
		{6483F639-D86A-45FC-90F1-AAD68E4B8FA3}.Release|Any CPU.Build.0 = Release|Any CPU
	EndGlobalSection
	GlobalSection(SolutionProperties) = preSolution
		HideSolutionNode = FALSE
	EndGlobalSection
EndGlobal
