
Microsoft Visual Studio Solution File, Format Version 12.00
# Visual Studio 2012
Project("{FAE04EC0-301F-11D3-BF4B-00C04F79EFBC}") = "08.BinaryToHex", "01.DecimalToBinary\08.BinaryToHex.csproj", "{167934D0-FC89-4CA0-9E1D-0104AB829FA2}"
EndProject
Project("{FAE04EC0-301F-11D3-BF4B-00C04F79EFBC}") = "01.02.03.04.05.06.07", "02.BinaryToDecimal\01.02.03.04.05.06.07.csproj", "{C781CB28-255A-4BCE-94DB-DC7B7F6ACE8F}"
EndProject
Project("{FAE04EC0-301F-11D3-BF4B-00C04F79EFBC}") = "09.InIEEE754Format", "09.InIEEE754Format\09.InIEEE754Format.csproj", "{BFCF67A9-E5BC-49F0-813E-26B47B3B4C83}"
EndProject
Global
	GlobalSection(SolutionConfigurationPlatforms) = preSolution
		Debug|Any CPU = Debug|Any CPU
		Release|Any CPU = Release|Any CPU
	EndGlobalSection
	GlobalSection(ProjectConfigurationPlatforms) = postSolution
		{167934D0-FC89-4CA0-9E1D-0104AB829FA2}.Debug|Any CPU.ActiveCfg = Debug|Any CPU
		{167934D0-FC89-4CA0-9E1D-0104AB829FA2}.Debug|Any CPU.Build.0 = Debug|Any CPU
		{167934D0-FC89-4CA0-9E1D-0104AB829FA2}.Release|Any CPU.ActiveCfg = Release|Any CPU
		{167934D0-FC89-4CA0-9E1D-0104AB829FA2}.Release|Any CPU.Build.0 = Release|Any CPU
		{C781CB28-255A-4BCE-94DB-DC7B7F6ACE8F}.Debug|Any CPU.ActiveCfg = Debug|Any CPU
		{C781CB28-255A-4BCE-94DB-DC7B7F6ACE8F}.Debug|Any CPU.Build.0 = Debug|Any CPU
		{C781CB28-255A-4BCE-94DB-DC7B7F6ACE8F}.Release|Any CPU.ActiveCfg = Release|Any CPU
		{C781CB28-255A-4BCE-94DB-DC7B7F6ACE8F}.Release|Any CPU.Build.0 = Release|Any CPU
		{BFCF67A9-E5BC-49F0-813E-26B47B3B4C83}.Debug|Any CPU.ActiveCfg = Debug|Any CPU
		{BFCF67A9-E5BC-49F0-813E-26B47B3B4C83}.Debug|Any CPU.Build.0 = Debug|Any CPU
		{BFCF67A9-E5BC-49F0-813E-26B47B3B4C83}.Release|Any CPU.ActiveCfg = Release|Any CPU
		{BFCF67A9-E5BC-49F0-813E-26B47B3B4C83}.Release|Any CPU.Build.0 = Release|Any CPU
	EndGlobalSection
	GlobalSection(SolutionProperties) = preSolution
		HideSolutionNode = FALSE
	EndGlobalSection
EndGlobal
