
Microsoft Visual Studio Solution File, Format Version 12.00
# Visual Studio 2012
Project("{FAE04EC0-301F-11D3-BF4B-00C04F79EFBC}") = "3DPoint", "01.3DPointStruct\3DPoint.csproj", "{D690EBFA-EE13-4DDE-B3E9-3DB25EA4C067}"
EndProject
Project("{FAE04EC0-301F-11D3-BF4B-00C04F79EFBC}") = "GenericClass", "GenericClass\GenericClass.csproj", "{C231448D-C366-4F21-820D-B2051650E620}"
EndProject
Project("{FAE04EC0-301F-11D3-BF4B-00C04F79EFBC}") = "MatrixOperations", "MatrixOperations\MatrixOperations.csproj", "{AE63BB5D-0AE7-4BF1-A65C-4967A61280DB}"
EndProject
Project("{FAE04EC0-301F-11D3-BF4B-00C04F79EFBC}") = "Atributes", "Atributes\Atributes.csproj", "{58556F3B-255C-41BD-B929-98ED55461EB4}"
EndProject
Global
	GlobalSection(SolutionConfigurationPlatforms) = preSolution
		Debug|Any CPU = Debug|Any CPU
		Release|Any CPU = Release|Any CPU
	EndGlobalSection
	GlobalSection(ProjectConfigurationPlatforms) = postSolution
		{D690EBFA-EE13-4DDE-B3E9-3DB25EA4C067}.Debug|Any CPU.ActiveCfg = Debug|Any CPU
		{D690EBFA-EE13-4DDE-B3E9-3DB25EA4C067}.Debug|Any CPU.Build.0 = Debug|Any CPU
		{D690EBFA-EE13-4DDE-B3E9-3DB25EA4C067}.Release|Any CPU.ActiveCfg = Release|Any CPU
		{D690EBFA-EE13-4DDE-B3E9-3DB25EA4C067}.Release|Any CPU.Build.0 = Release|Any CPU
		{C231448D-C366-4F21-820D-B2051650E620}.Debug|Any CPU.ActiveCfg = Debug|Any CPU
		{C231448D-C366-4F21-820D-B2051650E620}.Debug|Any CPU.Build.0 = Debug|Any CPU
		{C231448D-C366-4F21-820D-B2051650E620}.Release|Any CPU.ActiveCfg = Release|Any CPU
		{C231448D-C366-4F21-820D-B2051650E620}.Release|Any CPU.Build.0 = Release|Any CPU
		{AE63BB5D-0AE7-4BF1-A65C-4967A61280DB}.Debug|Any CPU.ActiveCfg = Debug|Any CPU
		{AE63BB5D-0AE7-4BF1-A65C-4967A61280DB}.Debug|Any CPU.Build.0 = Debug|Any CPU
		{AE63BB5D-0AE7-4BF1-A65C-4967A61280DB}.Release|Any CPU.ActiveCfg = Release|Any CPU
		{AE63BB5D-0AE7-4BF1-A65C-4967A61280DB}.Release|Any CPU.Build.0 = Release|Any CPU
		{58556F3B-255C-41BD-B929-98ED55461EB4}.Debug|Any CPU.ActiveCfg = Debug|Any CPU
		{58556F3B-255C-41BD-B929-98ED55461EB4}.Debug|Any CPU.Build.0 = Debug|Any CPU
		{58556F3B-255C-41BD-B929-98ED55461EB4}.Release|Any CPU.ActiveCfg = Release|Any CPU
		{58556F3B-255C-41BD-B929-98ED55461EB4}.Release|Any CPU.Build.0 = Release|Any CPU
	EndGlobalSection
	GlobalSection(SolutionProperties) = preSolution
		HideSolutionNode = FALSE
	EndGlobalSection
EndGlobal
