
Microsoft Visual Studio Solution File, Format Version 12.00
# Visual Studio 2013
VisualStudioVersion = 12.0.21005.1
MinimumVisualStudioVersion = 10.0.40219.1
Project("{FAE04EC0-301F-11D3-BF4B-00C04F79EFBC}") = "Xonix", "Xonix\Xonix.csproj", "{CF56330D-265C-4AE5-9005-E45C8BED8434}"
EndProject
Global
	GlobalSection(TeamFoundationVersionControl) = preSolution
		SccNumberOfProjects = 2
		SccEnterpriseProvider = {4CA58AB2-18FA-4F8D-95D4-32DDF27D184C}
		SccTeamFoundationServer = https://tfs.codeplex.com/tfs/tfs35
		SccLocalPath0 = .
		SccProjectUniqueName1 = Xonix\\Xonix.csproj
		SccProjectName1 = Xonix
		SccLocalPath1 = Xonix
	EndGlobalSection
	GlobalSection(SolutionConfigurationPlatforms) = preSolution
		Debug|Any CPU = Debug|Any CPU
		Release|Any CPU = Release|Any CPU
	EndGlobalSection
	GlobalSection(ProjectConfigurationPlatforms) = postSolution
		{CF56330D-265C-4AE5-9005-E45C8BED8434}.Debug|Any CPU.ActiveCfg = Debug|Any CPU
		{CF56330D-265C-4AE5-9005-E45C8BED8434}.Debug|Any CPU.Build.0 = Debug|Any CPU
		{CF56330D-265C-4AE5-9005-E45C8BED8434}.Release|Any CPU.ActiveCfg = Release|Any CPU
		{CF56330D-265C-4AE5-9005-E45C8BED8434}.Release|Any CPU.Build.0 = Release|Any CPU
	EndGlobalSection
	GlobalSection(SolutionProperties) = preSolution
		HideSolutionNode = FALSE
	EndGlobalSection
EndGlobal
