
Microsoft Visual Studio Solution File, Format Version 12.00
# Visual Studio 2013
VisualStudioVersion = 12.0.21005.1
MinimumVisualStudioVersion = 10.0.40219.1
Project("{FAE04EC0-301F-11D3-BF4B-00C04F79EFBC}") = "01.exam", "01.exam\01.exam.csproj", "{EB9D3B46-D5EA-4201-9810-A2E6847C9651}"
EndProject
Project("{FAE04EC0-301F-11D3-BF4B-00C04F79EFBC}") = "02", "02.\02.csproj", "{B0544CC0-788F-4938-968E-7AC36F39C5C4}"
EndProject
Project("{FAE04EC0-301F-11D3-BF4B-00C04F79EFBC}") = "03", "03.\03.csproj", "{8FC6CA56-3B87-43F4-AB41-0180576CF0AA}"
EndProject
Project("{FAE04EC0-301F-11D3-BF4B-00C04F79EFBC}") = "04", "04.\04.csproj", "{C071076F-6825-4F2A-8556-48C56D9A24D1}"
EndProject
Project("{FAE04EC0-301F-11D3-BF4B-00C04F79EFBC}") = "05", "05.4\05.csproj", "{3F51F2D6-9BB2-4231-9DD7-94FF29D34B81}"
EndProject
Global
	GlobalSection(SolutionConfigurationPlatforms) = preSolution
		Debug|Any CPU = Debug|Any CPU
		Release|Any CPU = Release|Any CPU
	EndGlobalSection
	GlobalSection(ProjectConfigurationPlatforms) = postSolution
		{EB9D3B46-D5EA-4201-9810-A2E6847C9651}.Debug|Any CPU.ActiveCfg = Debug|Any CPU
		{EB9D3B46-D5EA-4201-9810-A2E6847C9651}.Debug|Any CPU.Build.0 = Debug|Any CPU
		{EB9D3B46-D5EA-4201-9810-A2E6847C9651}.Release|Any CPU.ActiveCfg = Release|Any CPU
		{EB9D3B46-D5EA-4201-9810-A2E6847C9651}.Release|Any CPU.Build.0 = Release|Any CPU
		{B0544CC0-788F-4938-968E-7AC36F39C5C4}.Debug|Any CPU.ActiveCfg = Debug|Any CPU
		{B0544CC0-788F-4938-968E-7AC36F39C5C4}.Debug|Any CPU.Build.0 = Debug|Any CPU
		{B0544CC0-788F-4938-968E-7AC36F39C5C4}.Release|Any CPU.ActiveCfg = Release|Any CPU
		{B0544CC0-788F-4938-968E-7AC36F39C5C4}.Release|Any CPU.Build.0 = Release|Any CPU
		{8FC6CA56-3B87-43F4-AB41-0180576CF0AA}.Debug|Any CPU.ActiveCfg = Debug|Any CPU
		{8FC6CA56-3B87-43F4-AB41-0180576CF0AA}.Debug|Any CPU.Build.0 = Debug|Any CPU
		{8FC6CA56-3B87-43F4-AB41-0180576CF0AA}.Release|Any CPU.ActiveCfg = Release|Any CPU
		{8FC6CA56-3B87-43F4-AB41-0180576CF0AA}.Release|Any CPU.Build.0 = Release|Any CPU
		{C071076F-6825-4F2A-8556-48C56D9A24D1}.Debug|Any CPU.ActiveCfg = Debug|Any CPU
		{C071076F-6825-4F2A-8556-48C56D9A24D1}.Debug|Any CPU.Build.0 = Debug|Any CPU
		{C071076F-6825-4F2A-8556-48C56D9A24D1}.Release|Any CPU.ActiveCfg = Release|Any CPU
		{C071076F-6825-4F2A-8556-48C56D9A24D1}.Release|Any CPU.Build.0 = Release|Any CPU
		{3F51F2D6-9BB2-4231-9DD7-94FF29D34B81}.Debug|Any CPU.ActiveCfg = Debug|Any CPU
		{3F51F2D6-9BB2-4231-9DD7-94FF29D34B81}.Debug|Any CPU.Build.0 = Debug|Any CPU
		{3F51F2D6-9BB2-4231-9DD7-94FF29D34B81}.Release|Any CPU.ActiveCfg = Release|Any CPU
		{3F51F2D6-9BB2-4231-9DD7-94FF29D34B81}.Release|Any CPU.Build.0 = Release|Any CPU
	EndGlobalSection
	GlobalSection(SolutionProperties) = preSolution
		HideSolutionNode = FALSE
	EndGlobalSection
EndGlobal
