
Microsoft Visual Studio Solution File, Format Version 12.00
# Visual Studio 2012
Project("{FAE04EC0-301F-11D3-BF4B-00C04F79EFBC}") = "1.2.3.StudentsSystem", "1.2.3.StudentsSystem\1.2.3.StudentsSystem.csproj", "{8552E268-4023-4389-BD4B-53D0A9FB45BE}"
EndProject
Project("{FAE04EC0-301F-11D3-BF4B-00C04F79EFBC}") = "04.Person", "04.Person\04.Person.csproj", "{5102559A-B051-4C7E-B84D-1129A494E156}"
EndProject
Project("{FAE04EC0-301F-11D3-BF4B-00C04F79EFBC}") = "BitArray64", "BitArray64\BitArray64.csproj", "{81F1770E-0A1D-4C3D-86D3-29C613C0BB36}"
EndProject
Global
	GlobalSection(SolutionConfigurationPlatforms) = preSolution
		Debug|Any CPU = Debug|Any CPU
		Release|Any CPU = Release|Any CPU
	EndGlobalSection
	GlobalSection(ProjectConfigurationPlatforms) = postSolution
		{8552E268-4023-4389-BD4B-53D0A9FB45BE}.Debug|Any CPU.ActiveCfg = Debug|Any CPU
		{8552E268-4023-4389-BD4B-53D0A9FB45BE}.Debug|Any CPU.Build.0 = Debug|Any CPU
		{8552E268-4023-4389-BD4B-53D0A9FB45BE}.Release|Any CPU.ActiveCfg = Release|Any CPU
		{8552E268-4023-4389-BD4B-53D0A9FB45BE}.Release|Any CPU.Build.0 = Release|Any CPU
		{5102559A-B051-4C7E-B84D-1129A494E156}.Debug|Any CPU.ActiveCfg = Debug|Any CPU
		{5102559A-B051-4C7E-B84D-1129A494E156}.Debug|Any CPU.Build.0 = Debug|Any CPU
		{5102559A-B051-4C7E-B84D-1129A494E156}.Release|Any CPU.ActiveCfg = Release|Any CPU
		{5102559A-B051-4C7E-B84D-1129A494E156}.Release|Any CPU.Build.0 = Release|Any CPU
		{81F1770E-0A1D-4C3D-86D3-29C613C0BB36}.Debug|Any CPU.ActiveCfg = Debug|Any CPU
		{81F1770E-0A1D-4C3D-86D3-29C613C0BB36}.Debug|Any CPU.Build.0 = Debug|Any CPU
		{81F1770E-0A1D-4C3D-86D3-29C613C0BB36}.Release|Any CPU.ActiveCfg = Release|Any CPU
		{81F1770E-0A1D-4C3D-86D3-29C613C0BB36}.Release|Any CPU.Build.0 = Release|Any CPU
	EndGlobalSection
	GlobalSection(SolutionProperties) = preSolution
		HideSolutionNode = FALSE
	EndGlobalSection
EndGlobal
