
Microsoft Visual Studio Solution File, Format Version 12.00
# Visual Studio 2013
VisualStudioVersion = 12.0.21005.1
MinimumVisualStudioVersion = 10.0.40219.1
Project("{E24C65DC-7377-472B-9ABA-BC803B73C61A}") = "Telerik", "http://localhost:27406", "{BD0610B3-38C1-404C-B421-07E5F393B6A0}"
	ProjectSection(WebsiteProperties) = preProject
		UseIISExpress = "true"
		TargetFrameworkMoniker = ".NETFramework,Version%3Dv4.5"
		Debug.AspNetCompiler.VirtualPath = "/localhost_27406"
		Debug.AspNetCompiler.PhysicalPath = "D:\y4ene\Projects\Telerik\"
		Debug.AspNetCompiler.TargetPath = "PrecompiledWeb\localhost_27406\"
		Debug.AspNetCompiler.Updateable = "true"
		Debug.AspNetCompiler.ForceOverwrite = "true"
		Debug.AspNetCompiler.FixedNames = "false"
		Debug.AspNetCompiler.Debug = "True"
		Release.AspNetCompiler.VirtualPath = "/localhost_27406"
		Release.AspNetCompiler.PhysicalPath = "D:\y4ene\Projects\Telerik\"
		Release.AspNetCompiler.TargetPath = "PrecompiledWeb\localhost_27406\"
		Release.AspNetCompiler.Updateable = "true"
		Release.AspNetCompiler.ForceOverwrite = "true"
		Release.AspNetCompiler.FixedNames = "false"
		Release.AspNetCompiler.Debug = "False"
		SlnRelativePath = "D:\y4ene\Projects\Telerik\"
	EndProjectSection
EndProject
Global
	GlobalSection(SolutionConfigurationPlatforms) = preSolution
		Debug|Any CPU = Debug|Any CPU
	EndGlobalSection
	GlobalSection(ProjectConfigurationPlatforms) = postSolution
		{BD0610B3-38C1-404C-B421-07E5F393B6A0}.Debug|Any CPU.ActiveCfg = Debug|Any CPU
		{BD0610B3-38C1-404C-B421-07E5F393B6A0}.Debug|Any CPU.Build.0 = Debug|Any CPU
	EndGlobalSection
	GlobalSection(SolutionProperties) = preSolution
		HideSolutionNode = FALSE
	EndGlobalSection
EndGlobal
