
Microsoft Visual Studio Solution File, Format Version 12.00
# Visual Studio 2012
Project("{FAE04EC0-301F-11D3-BF4B-00C04F79EFBC}") = "BatsGoikoTower", "BatsGoikoTower\BatsGoikoTower.csproj", "{559526E2-6341-41FC-862D-BACA1123802D}"
EndProject
Project("{FAE04EC0-301F-11D3-BF4B-00C04F79EFBC}") = "ForestRoad", "ForestRoad\ForestRoad.csproj", "{7AF751C2-5E8D-4D4D-A89B-CCB5724A41E2}"
EndProject
Project("{FAE04EC0-301F-11D3-BF4B-00C04F79EFBC}") = "Carpets", "Carpets\Carpets.csproj", "{627B7FB8-B43A-47AE-8A5F-636E2AFC9E3A}"
EndProject
Project("{FAE04EC0-301F-11D3-BF4B-00C04F79EFBC}") = "TestCarpet", "TestCarpet\TestCarpet.csproj", "{AFE65C89-7398-4154-B3F3-F8247B7C0B1D}"
EndProject
Global
	GlobalSection(SolutionConfigurationPlatforms) = preSolution
		Debug|Any CPU = Debug|Any CPU
		Release|Any CPU = Release|Any CPU
	EndGlobalSection
	GlobalSection(ProjectConfigurationPlatforms) = postSolution
		{559526E2-6341-41FC-862D-BACA1123802D}.Debug|Any CPU.ActiveCfg = Debug|Any CPU
		{559526E2-6341-41FC-862D-BACA1123802D}.Debug|Any CPU.Build.0 = Debug|Any CPU
		{559526E2-6341-41FC-862D-BACA1123802D}.Release|Any CPU.ActiveCfg = Release|Any CPU
		{559526E2-6341-41FC-862D-BACA1123802D}.Release|Any CPU.Build.0 = Release|Any CPU
		{7AF751C2-5E8D-4D4D-A89B-CCB5724A41E2}.Debug|Any CPU.ActiveCfg = Debug|Any CPU
		{7AF751C2-5E8D-4D4D-A89B-CCB5724A41E2}.Debug|Any CPU.Build.0 = Debug|Any CPU
		{7AF751C2-5E8D-4D4D-A89B-CCB5724A41E2}.Release|Any CPU.ActiveCfg = Release|Any CPU
		{7AF751C2-5E8D-4D4D-A89B-CCB5724A41E2}.Release|Any CPU.Build.0 = Release|Any CPU
		{627B7FB8-B43A-47AE-8A5F-636E2AFC9E3A}.Debug|Any CPU.ActiveCfg = Debug|Any CPU
		{627B7FB8-B43A-47AE-8A5F-636E2AFC9E3A}.Debug|Any CPU.Build.0 = Debug|Any CPU
		{627B7FB8-B43A-47AE-8A5F-636E2AFC9E3A}.Release|Any CPU.ActiveCfg = Release|Any CPU
		{627B7FB8-B43A-47AE-8A5F-636E2AFC9E3A}.Release|Any CPU.Build.0 = Release|Any CPU
		{AFE65C89-7398-4154-B3F3-F8247B7C0B1D}.Debug|Any CPU.ActiveCfg = Debug|Any CPU
		{AFE65C89-7398-4154-B3F3-F8247B7C0B1D}.Debug|Any CPU.Build.0 = Debug|Any CPU
		{AFE65C89-7398-4154-B3F3-F8247B7C0B1D}.Release|Any CPU.ActiveCfg = Release|Any CPU
		{AFE65C89-7398-4154-B3F3-F8247B7C0B1D}.Release|Any CPU.Build.0 = Release|Any CPU
	EndGlobalSection
	GlobalSection(SolutionProperties) = preSolution
		HideSolutionNode = FALSE
	EndGlobalSection
EndGlobal
